// !$*UTF8*$!
{
	archiveVersion = 1;
	classes = {
	};
	objectVersion = 50;
	objects = {

/* Begin PBXBuildFile section */
		165057012526EC94002BEE37 /* AppDelegate.m in Sources */ = {isa = PBXBuildFile; fileRef = 165057002526EC94002BEE37 /* AppDelegate.m */; };
		165057042526EC94002BEE37 /* SceneDelegate.m in Sources */ = {isa = PBXBuildFile; fileRef = 165057032526EC94002BEE37 /* SceneDelegate.m */; };
		165057072526EC94002BEE37 /* ViewController.m in Sources */ = {isa = PBXBuildFile; fileRef = 165057062526EC94002BEE37 /* ViewController.m */; };
		1650570A2526EC94002BEE37 /* Main.storyboard in Resources */ = {isa = PBXBuildFile; fileRef = 165057082526EC94002BEE37 /* Main.storyboard */; };
		1650570C2526EC98002BEE37 /* Assets.xcassets in Resources */ = {isa = PBXBuildFile; fileRef = 1650570B2526EC98002BEE37 /* Assets.xcassets */; };
		1650570F2526EC98002BEE37 /* LaunchScreen.storyboard in Resources */ = {isa = PBXBuildFile; fileRef = 1650570D2526EC98002BEE37 /* LaunchScreen.storyboard */; };
		165057122526EC98002BEE37 /* main.m in Sources */ = {isa = PBXBuildFile; fileRef = 165057112526EC98002BEE37 /* main.m */; };
		1650571C2526EC98002BEE37 /* LKXAudioVideoTests.m in Sources */ = {isa = PBXBuildFile; fileRef = 1650571B2526EC98002BEE37 /* LKXAudioVideoTests.m */; };
		7C59F3F9CDEBD0579E231EDA /* Pods_LKXAudioVideoTests.framework in Frameworks */ = {isa = PBXBuildFile; fileRef = F8F1AFD4D5BF6765117E70D5 /* Pods_LKXAudioVideoTests.framework */; };
		EE8673CF337F45BC26B72437 /* Pods_LKXAudioVideo.framework in Frameworks */ = {isa = PBXBuildFile; fileRef = 69E3B2077FEA904F2B43C929 /* Pods_LKXAudioVideo.framework */; };
/* End PBXBuildFile section */

/* Begin PBXContainerItemProxy section */
		165057182526EC98002BEE37 /* PBXContainerItemProxy */ = {
			isa = PBXContainerItemProxy;
			containerPortal = 165056F42526EC94002BEE37 /* Project object */;
			proxyType = 1;
			remoteGlobalIDString = 165056FB2526EC94002BEE37;
			remoteInfo = LKXAudioVideo;
		};
/* End PBXContainerItemProxy section */

/* Begin PBXFileReference section */
		165056FC2526EC94002BEE37 /* LKXAudioVideo.app */ = {isa = PBXFileReference; explicitFileType = wrapper.application; includeInIndex = 0; path = LKXAudioVideo.app; sourceTree = BUILT_PRODUCTS_DIR; };
		165056FF2526EC94002BEE37 /* AppDelegate.h */ = {isa = PBXFileReference; lastKnownFileType = sourcecode.c.h; path = AppDelegate.h; sourceTree = "<group>"; };
		165057002526EC94002BEE37 /* AppDelegate.m */ = {isa = PBXFileReference; lastKnownFileType = sourcecode.c.objc; path = AppDelegate.m; sourceTree = "<group>"; };
		165057022526EC94002BEE37 /* SceneDelegate.h */ = {isa = PBXFileReference; lastKnownFileType = sourcecode.c.h; path = SceneDelegate.h; sourceTree = "<group>"; };
		165057032526EC94002BEE37 /* SceneDelegate.m */ = {isa = PBXFileReference; lastKnownFileType = sourcecode.c.objc; path = SceneDelegate.m; sourceTree = "<group>"; };
		165057052526EC94002BEE37 /* ViewController.h */ = {isa = PBXFileReference; lastKnownFileType = sourcecode.c.h; path = ViewController.h; sourceTree = "<group>"; };
		165057062526EC94002BEE37 /* ViewController.m */ = {isa = PBXFileReference; lastKnownFileType = sourcecode.c.objc; path = ViewController.m; sourceTree = "<group>"; };
		165057092526EC94002BEE37 /* Base */ = {isa = PBXFileReference; lastKnownFileType = file.storyboard; name = Base; path = Base.lproj/Main.storyboard; sourceTree = "<group>"; };
		1650570B2526EC98002BEE37 /* Assets.xcassets */ = {isa = PBXFileReference; lastKnownFileType = folder.assetcatalog; path = Assets.xcassets; sourceTree = "<group>"; };
		1650570E2526EC98002BEE37 /* Base */ = {isa = PBXFileReference; lastKnownFileType = file.storyboard; name = Base; path = Base.lproj/LaunchScreen.storyboard; sourceTree = "<group>"; };
		165057102526EC98002BEE37 /* Info.plist */ = {isa = PBXFileReference; lastKnownFileType = text.plist.xml; path = Info.plist; sourceTree = "<group>"; };
		165057112526EC98002BEE37 /* main.m */ = {isa = PBXFileReference; lastKnownFileType = sourcecode.c.objc; path = main.m; sourceTree = "<group>"; };
		165057172526EC98002BEE37 /* LKXAudioVideoTests.xctest */ = {isa = PBXFileReference; explicitFileType = wrapper.cfbundle; includeInIndex = 0; path = LKXAudioVideoTests.xctest; sourceTree = BUILT_PRODUCTS_DIR; };
		1650571B2526EC98002BEE37 /* LKXAudioVideoTests.m */ = {isa = PBXFileReference; lastKnownFileType = sourcecode.c.objc; path = LKXAudioVideoTests.m; sourceTree = "<group>"; };
		1650571D2526EC98002BEE37 /* Info.plist */ = {isa = PBXFileReference; lastKnownFileType = text.plist.xml; path = Info.plist; sourceTree = "<group>"; };
		40E83E51A894B5A66843839E /* Pods-LKXAudioVideoTests.debug.xcconfig */ = {isa = PBXFileReference; includeInIndex = 1; lastKnownFileType = text.xcconfig; name = "Pods-LKXAudioVideoTests.debug.xcconfig"; path = "Target Support Files/Pods-LKXAudioVideoTests/Pods-LKXAudioVideoTests.debug.xcconfig"; sourceTree = "<group>"; };
		40EACCE8568472B5E32368B4 /* Pods-LKXAudioVideoTests.release.xcconfig */ = {isa = PBXFileReference; includeInIndex = 1; lastKnownFileType = text.xcconfig; name = "Pods-LKXAudioVideoTests.release.xcconfig"; path = "Target Support Files/Pods-LKXAudioVideoTests/Pods-LKXAudioVideoTests.release.xcconfig"; sourceTree = "<group>"; };
		69E3B2077FEA904F2B43C929 /* Pods_LKXAudioVideo.framework */ = {isa = PBXFileReference; explicitFileType = wrapper.framework; includeInIndex = 0; path = Pods_LKXAudioVideo.framework; sourceTree = BUILT_PRODUCTS_DIR; };
		CDEB66AC0914C1EC8B11242E /* Pods-LKXAudioVideo.debug.xcconfig */ = {isa = PBXFileReference; includeInIndex = 1; lastKnownFileType = text.xcconfig; name = "Pods-LKXAudioVideo.debug.xcconfig"; path = "Target Support Files/Pods-LKXAudioVideo/Pods-LKXAudioVideo.debug.xcconfig"; sourceTree = "<group>"; };
		EB407B28E305E6555BE104EE /* Pods-LKXAudioVideo.release.xcconfig */ = {isa = PBXFileReference; includeInIndex = 1; lastKnownFileType = text.xcconfig; name = "Pods-LKXAudioVideo.release.xcconfig"; path = "Target Support Files/Pods-LKXAudioVideo/Pods-LKXAudioVideo.release.xcconfig"; sourceTree = "<group>"; };
		F8F1AFD4D5BF6765117E70D5 /* Pods_LKXAudioVideoTests.framework */ = {isa = PBXFileReference; explicitFileType = wrapper.framework; includeInIndex = 0; path = Pods_LKXAudioVideoTests.framework; sourceTree = BUILT_PRODUCTS_DIR; };
/* End PBXFileReference section */

/* Begin PBXFrameworksBuildPhase section */
		165056F92526EC94002BEE37 /* Frameworks */ = {
			isa = PBXFrameworksBuildPhase;
			buildActionMask = 2147483647;
			files = (
				EE8673CF337F45BC26B72437 /* Pods_LKXAudioVideo.framework in Frameworks */,
			);
			runOnlyForDeploymentPostprocessing = 0;
		};
		165057142526EC98002BEE37 /* Frameworks */ = {
			isa = PBXFrameworksBuildPhase;
			buildActionMask = 2147483647;
			files = (
				7C59F3F9CDEBD0579E231EDA /* Pods_LKXAudioVideoTests.framework in Frameworks */,
			);
			runOnlyForDeploymentPostprocessing = 0;
		};
/* End PBXFrameworksBuildPhase section */

/* Begin PBXGroup section */
		165056F32526EC94002BEE37 = {
			isa = PBXGroup;
			children = (
				165056FE2526EC94002BEE37 /* LKXAudioVideo */,
				1650571A2526EC98002BEE37 /* LKXAudioVideoTests */,
				165056FD2526EC94002BEE37 /* Products */,
				FEADF11FEC589E7FF5154482 /* Pods */,
				80F8DB19296D59B740C4A2F2 /* Frameworks */,
			);
			sourceTree = "<group>";
		};
		165056FD2526EC94002BEE37 /* Products */ = {
			isa = PBXGroup;
			children = (
				165056FC2526EC94002BEE37 /* LKXAudioVideo.app */,
				165057172526EC98002BEE37 /* LKXAudioVideoTests.xctest */,
			);
			name = Products;
			sourceTree = "<group>";
		};
		165056FE2526EC94002BEE37 /* LKXAudioVideo */ = {
			isa = PBXGroup;
			children = (
				165056FF2526EC94002BEE37 /* AppDelegate.h */,
				165057002526EC94002BEE37 /* AppDelegate.m */,
				165057022526EC94002BEE37 /* SceneDelegate.h */,
				165057032526EC94002BEE37 /* SceneDelegate.m */,
				165057052526EC94002BEE37 /* ViewController.h */,
				165057062526EC94002BEE37 /* ViewController.m */,
				165057082526EC94002BEE37 /* Main.storyboard */,
				1650570B2526EC98002BEE37 /* Assets.xcassets */,
				1650570D2526EC98002BEE37 /* LaunchScreen.storyboard */,
				165057102526EC98002BEE37 /* Info.plist */,
				165057112526EC98002BEE37 /* main.m */,
			);
			path = LKXAudioVideo;
			sourceTree = "<group>";
		};
		1650571A2526EC98002BEE37 /* LKXAudioVideoTests */ = {
			isa = PBXGroup;
			children = (
				1650571B2526EC98002BEE37 /* LKXAudioVideoTests.m */,
				1650571D2526EC98002BEE37 /* Info.plist */,
			);
			path = LKXAudioVideoTests;
			sourceTree = "<group>";
		};
		80F8DB19296D59B740C4A2F2 /* Frameworks */ = {
			isa = PBXGroup;
			children = (
				69E3B2077FEA904F2B43C929 /* Pods_LKXAudioVideo.framework */,
				F8F1AFD4D5BF6765117E70D5 /* Pods_LKXAudioVideoTests.framework */,
			);
			name = Frameworks;
			sourceTree = "<group>";
		};
		FEADF11FEC589E7FF5154482 /* Pods */ = {
			isa = PBXGroup;
			children = (
				CDEB66AC0914C1EC8B11242E /* Pods-LKXAudioVideo.debug.xcconfig */,
				EB407B28E305E6555BE104EE /* Pods-LKXAudioVideo.release.xcconfig */,
				40E83E51A894B5A66843839E /* Pods-LKXAudioVideoTests.debug.xcconfig */,
				40EACCE8568472B5E32368B4 /* Pods-LKXAudioVideoTests.release.xcconfig */,
			);
			name = Pods;
			path = Pods;
			sourceTree = "<group>";
		};
/* End PBXGroup section */

/* Begin PBXNativeTarget section */
		165056FB2526EC94002BEE37 /* LKXAudioVideo */ = {
			isa = PBXNativeTarget;
			buildConfigurationList = 165057202526EC98002BEE37 /* Build configuration list for PBXNativeTarget "LKXAudioVideo" */;
			buildPhases = (
				DE9ED80AE7685E477C877A9B /* [CP] Check Pods Manifest.lock */,
				165056F82526EC94002BEE37 /* Sources */,
				165056F92526EC94002BEE37 /* Frameworks */,
				165056FA2526EC94002BEE37 /* Resources */,
				CED840AE3130817BB4245973 /* [CP] Embed Pods Frameworks */,
			);
			buildRules = (
			);
			dependencies = (
			);
			name = LKXAudioVideo;
			productName = LKXAudioVideo;
			productReference = 165056FC2526EC94002BEE37 /* LKXAudioVideo.app */;
			productType = "com.apple.product-type.application";
		};
		165057162526EC98002BEE37 /* LKXAudioVideoTests */ = {
			isa = PBXNativeTarget;
			buildConfigurationList = 165057232526EC98002BEE37 /* Build configuration list for PBXNativeTarget "LKXAudioVideoTests" */;
			buildPhases = (
				936AD0F336D498B4B68FFBEB /* [CP] Check Pods Manifest.lock */,
				165057132526EC98002BEE37 /* Sources */,
				165057142526EC98002BEE37 /* Frameworks */,
				165057152526EC98002BEE37 /* Resources */,
			);
			buildRules = (
			);
			dependencies = (
				165057192526EC98002BEE37 /* PBXTargetDependency */,
			);
			name = LKXAudioVideoTests;
			productName = LKXAudioVideoTests;
			productReference = 165057172526EC98002BEE37 /* LKXAudioVideoTests.xctest */;
			productType = "com.apple.product-type.bundle.unit-test";
		};
/* End PBXNativeTarget section */

/* Begin PBXProject section */
		165056F42526EC94002BEE37 /* Project object */ = {
			isa = PBXProject;
			attributes = {
				LastUpgradeCheck = 1120;
				ORGANIZATIONNAME = "刘克邪";
				TargetAttributes = {
					165056FB2526EC94002BEE37 = {
						CreatedOnToolsVersion = 11.2.1;
					};
					165057162526EC98002BEE37 = {
						CreatedOnToolsVersion = 11.2.1;
						TestTargetID = 165056FB2526EC94002BEE37;
					};
				};
			};
			buildConfigurationList = 165056F72526EC94002BEE37 /* Build configuration list for PBXProject "LKXAudioVideo" */;
			compatibilityVersion = "Xcode 9.3";
			developmentRegion = en;
			hasScannedForEncodings = 0;
			knownRegions = (
				en,
				Base,
			);
			mainGroup = 165056F32526EC94002BEE37;
			productRefGroup = 165056FD2526EC94002BEE37 /* Products */;
			projectDirPath = "";
			projectRoot = "";
			targets = (
				165056FB2526EC94002BEE37 /* LKXAudioVideo */,
				165057162526EC98002BEE37 /* LKXAudioVideoTests */,
			);
		};
/* End PBXProject section */

/* Begin PBXResourcesBuildPhase section */
		165056FA2526EC94002BEE37 /* Resources */ = {
			isa = PBXResourcesBuildPhase;
			buildActionMask = 2147483647;
			files = (
				1650570F2526EC98002BEE37 /* LaunchScreen.storyboard in Resources */,
				1650570C2526EC98002BEE37 /* Assets.xcassets in Resources */,
				1650570A2526EC94002BEE37 /* Main.storyboard in Resources */,
			);
			runOnlyForDeploymentPostprocessing = 0;
		};
		165057152526EC98002BEE37 /* Resources */ = {
			isa = PBXResourcesBuildPhase;
			buildActionMask = 2147483647;
			files = (
			);
			runOnlyForDeploymentPostprocessing = 0;
		};
/* End PBXResourcesBuildPhase section */

/* Begin PBXShellScriptBuildPhase section */
		936AD0F336D498B4B68FFBEB /* [CP] Check Pods Manifest.lock */ = {
			isa = PBXShellScriptBuildPhase;
			buildActionMask = 2147483647;
			files = (
			);
			inputFileListPaths = (
			);
			inputPaths = (
				"${PODS_PODFILE_DIR_PATH}/Podfile.lock",
				"${PODS_ROOT}/Manifest.lock",
			);
			name = "[CP] Check Pods Manifest.lock";
			outputFileListPaths = (
			);
			outputPaths = (
				"$(DERIVED_FILE_DIR)/Pods-LKXAudioVideoTests-checkManifestLockResult.txt",
			);
			runOnlyForDeploymentPostprocessing = 0;
			shellPath = /bin/sh;
			shellScript = "diff \"${PODS_PODFILE_DIR_PATH}/Podfile.lock\" \"${PODS_ROOT}/Manifest.lock\" > /dev/null\nif [ $? != 0 ] ; then\n    # print error to STDERR\n    echo \"error: The sandbox is not in sync with the Podfile.lock. Run 'pod install' or update your CocoaPods installation.\" >&2\n    exit 1\nfi\n# This output is used by Xcode 'outputs' to avoid re-running this script phase.\necho \"SUCCESS\" > \"${SCRIPT_OUTPUT_FILE_0}\"\n";
			showEnvVarsInLog = 0;
		};
		CED840AE3130817BB4245973 /* [CP] Embed Pods Frameworks */ = {
			isa = PBXShellScriptBuildPhase;
			buildActionMask = 2147483647;
			files = (
			);
			inputFileListPaths = (
				"${PODS_ROOT}/Target Support Files/Pods-LKXAudioVideo/Pods-LKXAudioVideo-frameworks-${CONFIGURATION}-input-files.xcfilelist",
			);
			name = "[CP] Embed Pods Frameworks";
			outputFileListPaths = (
				"${PODS_ROOT}/Target Support Files/Pods-LKXAudioVideo/Pods-LKXAudioVideo-frameworks-${CONFIGURATION}-output-files.xcfilelist",
			);
			runOnlyForDeploymentPostprocessing = 0;
			shellPath = /bin/sh;
			shellScript = "\"${PODS_ROOT}/Target Support Files/Pods-LKXAudioVideo/Pods-LKXAudioVideo-frameworks.sh\"\n";
			showEnvVarsInLog = 0;
		};
		DE9ED80AE7685E477C877A9B /* [CP] Check Pods Manifest.lock */ = {
			isa = PBXShellScriptBuildPhase;
			buildActionMask = 2147483647;
			files = (
			);
			inputFileListPaths = (
			);
			inputPaths = (
				"${PODS_PODFILE_DIR_PATH}/Podfile.lock",
				"${PODS_ROOT}/Manifest.lock",
			);
			name = "[CP] Check Pods Manifest.lock";
			outputFileListPaths = (
			);
			outputPaths = (
				"$(DERIVED_FILE_DIR)/Pods-LKXAudioVideo-checkManifestLockResult.txt",
			);
			runOnlyForDeploymentPostprocessing = 0;
			shellPath = /bin/sh;
			shellScript = "diff \"${PODS_PODFILE_DIR_PATH}/Podfile.lock\" \"${PODS_ROOT}/Manifest.lock\" > /dev/null\nif [ $? != 0 ] ; then\n    # print error to STDERR\n    echo \"error: The sandbox is not in sync with the Podfile.lock. Run 'pod install' or update your CocoaPods installation.\" >&2\n    exit 1\nfi\n# This output is used by Xcode 'outputs' to avoid re-running this script phase.\necho \"SUCCESS\" > \"${SCRIPT_OUTPUT_FILE_0}\"\n";
			showEnvVarsInLog = 0;
		};
/* End PBXShellScriptBuildPhase section */

/* Begin PBXSourcesBuildPhase section */
		165056F82526EC94002BEE37 /* Sources */ = {
			isa = PBXSourcesBuildPhase;
			buildActionMask = 2147483647;
			files = (
				165057072526EC94002BEE37 /* ViewController.m in Sources */,
				165057012526EC94002BEE37 /* AppDelegate.m in Sources */,
				165057122526EC98002BEE37 /* main.m in Sources */,
				165057042526EC94002BEE37 /* SceneDelegate.m in Sources */,
			);
			runOnlyForDeploymentPostprocessing = 0;
		};
		165057132526EC98002BEE37 /* Sources */ = {
			isa = PBXSourcesBuildPhase;
			buildActionMask = 2147483647;
			files = (
				1650571C2526EC98002BEE37 /* LKXAudioVideoTests.m in Sources */,
			);
			runOnlyForDeploymentPostprocessing = 0;
		};
/* End PBXSourcesBuildPhase section */

/* Begin PBXTargetDependency section */
		165057192526EC98002BEE37 /* PBXTargetDependency */ = {
			isa = PBXTargetDependency;
			target = 165056FB2526EC94002BEE37 /* LKXAudioVideo */;
			targetProxy = 165057182526EC98002BEE37 /* PBXContainerItemProxy */;
		};
/* End PBXTargetDependency section */

/* Begin PBXVariantGroup section */
		165057082526EC94002BEE37 /* Main.storyboard */ = {
			isa = PBXVariantGroup;
			children = (
				165057092526EC94002BEE37 /* Base */,
			);
			name = Main.storyboard;
			sourceTree = "<group>";
		};
		1650570D2526EC98002BEE37 /* LaunchScreen.storyboard */ = {
			isa = PBXVariantGroup;
			children = (
				1650570E2526EC98002BEE37 /* Base */,
			);
			name = LaunchScreen.storyboard;
			sourceTree = "<group>";
		};
/* End PBXVariantGroup section */

/* Begin XCBuildConfiguration section */
		1650571E2526EC98002BEE37 /* Debug */ = {
			isa = XCBuildConfiguration;
			buildSettings = {
				ALWAYS_SEARCH_USER_PATHS = NO;
				CLANG_ANALYZER_NONNULL = YES;
				CLANG_ANALYZER_NUMBER_OBJECT_CONVERSION = YES_AGGRESSIVE;
				CLANG_CXX_LANGUAGE_STANDARD = "gnu++14";
				CLANG_CXX_LIBRARY = "libc++";
				CLANG_ENABLE_MODULES = YES;
				CLANG_ENABLE_OBJC_ARC = YES;
				CLANG_ENABLE_OBJC_WEAK = YES;
				CLANG_WARN_BLOCK_CAPTURE_AUTORELEASING = YES;
				CLANG_WARN_BOOL_CONVERSION = YES;
				CLANG_WARN_COMMA = YES;
				CLANG_WARN_CONSTANT_CONVERSION = YES;
				CLANG_WARN_DEPRECATED_OBJC_IMPLEMENTATIONS = YES;
				CLANG_WARN_DIRECT_OBJC_ISA_USAGE = YES_ERROR;
				CLANG_WARN_DOCUMENTATION_COMMENTS = YES;
				CLANG_WARN_EMPTY_BODY = YES;
				CLANG_WARN_ENUM_CONVERSION = YES;
				CLANG_WARN_INFINITE_RECURSION = YES;
				CLANG_WARN_INT_CONVERSION = YES;
				CLANG_WARN_NON_LITERAL_NULL_CONVERSION = YES;
				CLANG_WARN_OBJC_IMPLICIT_RETAIN_SELF = YES;
				CLANG_WARN_OBJC_LITERAL_CONVERSION = YES;
				CLANG_WARN_OBJC_ROOT_CLASS = YES_ERROR;
				CLANG_WARN_RANGE_LOOP_ANALYSIS = YES;
				CLANG_WARN_STRICT_PROTOTYPES = YES;
				CLANG_WARN_SUSPICIOUS_MOVE = YES;
				CLANG_WARN_UNGUARDED_AVAILABILITY = YES_AGGRESSIVE;
				CLANG_WARN_UNREACHABLE_CODE = YES;
				CLANG_WARN__DUPLICATE_METHOD_MATCH = YES;
				COPY_PHASE_STRIP = NO;
				DEBUG_INFORMATION_FORMAT = dwarf;
				ENABLE_STRICT_OBJC_MSGSEND = YES;
				ENABLE_TESTABILITY = YES;
				GCC_C_LANGUAGE_STANDARD = gnu11;
				GCC_DYNAMIC_NO_PIC = NO;
				GCC_NO_COMMON_BLOCKS = YES;
				GCC_OPTIMIZATION_LEVEL = 0;
				GCC_PREPROCESSOR_DEFINITIONS = (
					"DEBUG=1",
					"$(inherited)",
				);
				GCC_WARN_64_TO_32_BIT_CONVERSION = YES;
				GCC_WARN_ABOUT_RETURN_TYPE = YES_ERROR;
				GCC_WARN_UNDECLARED_SELECTOR = YES;
				GCC_WARN_UNINITIALIZED_AUTOS = YES_AGGRESSIVE;
				GCC_WARN_UNUSED_FUNCTION = YES;
				GCC_WARN_UNUSED_VARIABLE = YES;
				IPHONEOS_DEPLOYMENT_TARGET = 13.2;
				MTL_ENABLE_DEBUG_INFO = INCLUDE_SOURCE;
				MTL_FAST_MATH = YES;
				ONLY_ACTIVE_ARCH = YES;
				SDKROOT = iphoneos;
			};
			name = Debug;
		};
		1650571F2526EC98002BEE37 /* Release */ = {
			isa = XCBuildConfiguration;
			buildSettings = {
				ALWAYS_SEARCH_USER_PATHS = NO;
				CLANG_ANALYZER_NONNULL = YES;
				CLANG_ANALYZER_NUMBER_OBJECT_CONVERSION = YES_AGGRESSIVE;
				CLANG_CXX_LANGUAGE_STANDARD = "gnu++14";
				CLANG_CXX_LIBRARY = "libc++";
				CLANG_ENABLE_MODULES = YES;
				CLANG_ENABLE_OBJC_ARC = YES;
				CLANG_ENABLE_OBJC_WEAK = YES;
				CLANG_WARN_BLOCK_CAPTURE_AUTORELEASING = YES;
				CLANG_WARN_BOOL_CONVERSION = YES;
				CLANG_WARN_COMMA = YES;
				CLANG_WARN_CONSTANT_CONVERSION = YES;
				CLANG_WARN_DEPRECATED_OBJC_IMPLEMENTATIONS = YES;
				CLANG_WARN_DIRECT_OBJC_ISA_USAGE = YES_ERROR;
				CLANG_WARN_DOCUMENTATION_COMMENTS = YES;
				CLANG_WARN_EMPTY_BODY = YES;
				CLANG_WARN_ENUM_CONVERSION = YES;
				CLANG_WARN_INFINITE_RECURSION = YES;
				CLANG_WARN_INT_CONVERSION = YES;
				CLANG_WARN_NON_LITERAL_NULL_CONVERSION = YES;
				CLANG_WARN_OBJC_IMPLICIT_RETAIN_SELF = YES;
				CLANG_WARN_OBJC_LITERAL_CONVERSION = YES;
				CLANG_WARN_OBJC_ROOT_CLASS = YES_ERROR;
				CLANG_WARN_RANGE_LOOP_ANALYSIS = YES;
				CLANG_WARN_STRICT_PROTOTYPES = YES;
				CLANG_WARN_SUSPICIOUS_MOVE = YES;
				CLANG_WARN_UNGUARDED_AVAILABILITY = YES_AGGRESSIVE;
				CLANG_WARN_UNREACHABLE_CODE = YES;
				CLANG_WARN__DUPLICATE_METHOD_MATCH = YES;
				COPY_PHASE_STRIP = NO;
				DEBUG_INFORMATION_FORMAT = "dwarf-with-dsym";
				ENABLE_NS_ASSERTIONS = NO;
				ENABLE_STRICT_OBJC_MSGSEND = YES;
				GCC_C_LANGUAGE_STANDARD = gnu11;
				GCC_NO_COMMON_BLOCKS = YES;
				GCC_WARN_64_TO_32_BIT_CONVERSION = YES;
				GCC_WARN_ABOUT_RETURN_TYPE = YES_ERROR;
				GCC_WARN_UNDECLARED_SELECTOR = YES;
				GCC_WARN_UNINITIALIZED_AUTOS = YES_AGGRESSIVE;
				GCC_WARN_UNUSED_FUNCTION = YES;
				GCC_WARN_UNUSED_VARIABLE = YES;
				IPHONEOS_DEPLOYMENT_TARGET = 13.2;
				MTL_ENABLE_DEBUG_INFO = NO;
				MTL_FAST_MATH = YES;
				SDKROOT = iphoneos;
				VALIDATE_PRODUCT = YES;
			};
			name = Release;
		};
		165057212526EC98002BEE37 /* Debug */ = {
			isa = XCBuildConfiguration;
			baseConfigurationReference = CDEB66AC0914C1EC8B11242E /* Pods-LKXAudioVideo.debug.xcconfig */;
			buildSettings = {
				ASSETCATALOG_COMPILER_APPICON_NAME = AppIcon;
				CODE_SIGN_STYLE = Automatic;
				DEVELOPMENT_TEAM = CCE8HZ4H5D;
				INFOPLIST_FILE = LKXAudioVideo/Info.plist;
				LD_RUNPATH_SEARCH_PATHS = (
					"$(inherited)",
					"@executable_path/Frameworks",
				);
				PRODUCT_BUNDLE_IDENTIFIER = person.lkx.LKXAudioVideo;
				PRODUCT_NAME = "$(TARGET_NAME)";
				TARGETED_DEVICE_FAMILY = "1,2";
			};
			name = Debug;
		};
		165057222526EC98002BEE37 /* Release */ = {
			isa = XCBuildConfiguration;
			baseConfigurationReference = EB407B28E305E6555BE104EE /* Pods-LKXAudioVideo.release.xcconfig */;
			buildSettings = {
				ASSETCATALOG_COMPILER_APPICON_NAME = AppIcon;
				CODE_SIGN_STYLE = Automatic;
				DEVELOPMENT_TEAM = CCE8HZ4H5D;
				INFOPLIST_FILE = LKXAudioVideo/Info.plist;
				LD_RUNPATH_SEARCH_PATHS = (
					"$(inherited)",
					"@executable_path/Frameworks",
				);
				PRODUCT_BUNDLE_IDENTIFIER = person.lkx.LKXAudioVideo;
				PRODUCT_NAME = "$(TARGET_NAME)";
				TARGETED_DEVICE_FAMILY = "1,2";
			};
			name = Release;
		};
		165057242526EC98002BEE37 /* Debug */ = {
			isa = XCBuildConfiguration;
			baseConfigurationReference = 40E83E51A894B5A66843839E /* Pods-LKXAudioVideoTests.debug.xcconfig */;
			buildSettings = {
				BUNDLE_LOADER = "$(TEST_HOST)";
				CODE_SIGN_STYLE = Automatic;
				DEVELOPMENT_TEAM = CCE8HZ4H5D;
				INFOPLIST_FILE = LKXAudioVideoTests/Info.plist;
				IPHONEOS_DEPLOYMENT_TARGET = 13.2;
				LD_RUNPATH_SEARCH_PATHS = (
					"$(inherited)",
					"@executable_path/Frameworks",
					"@loader_path/Frameworks",
				);
				PRODUCT_BUNDLE_IDENTIFIER = person.lkx.LKXAudioVideoTests;
				PRODUCT_NAME = "$(TARGET_NAME)";
				TARGETED_DEVICE_FAMILY = "1,2";
				TEST_HOST = "$(BUILT_PRODUCTS_DIR)/LKXAudioVideo.app/LKXAudioVideo";
			};
			name = Debug;
		};
		165057252526EC98002BEE37 /* Release */ = {
			isa = XCBuildConfiguration;
			baseConfigurationReference = 40EACCE8568472B5E32368B4 /* Pods-LKXAudioVideoTests.release.xcconfig */;
			buildSettings = {
				BUNDLE_LOADER = "$(TEST_HOST)";
				CODE_SIGN_STYLE = Automatic;
				DEVELOPMENT_TEAM = CCE8HZ4H5D;
				INFOPLIST_FILE = LKXAudioVideoTests/Info.plist;
				IPHONEOS_DEPLOYMENT_TARGET = 13.2;
				LD_RUNPATH_SEARCH_PATHS = (
					"$(inherited)",
					"@executable_path/Frameworks",
					"@loader_path/Frameworks",
				);
				PRODUCT_BUNDLE_IDENTIFIER = person.lkx.LKXAudioVideoTests;
				PRODUCT_NAME = "$(TARGET_NAME)";
				TARGETED_DEVICE_FAMILY = "1,2";
				TEST_HOST = "$(BUILT_PRODUCTS_DIR)/LKXAudioVideo.app/LKXAudioVideo";
			};
			name = Release;
		};
/* End XCBuildConfiguration section */

/* Begin XCConfigurationList section */
		165056F72526EC94002BEE37 /* Build configuration list for PBXProject "LKXAudioVideo" */ = {
			isa = XCConfigurationList;
			buildConfigurations = (
				1650571E2526EC98002BEE37 /* Debug */,
				1650571F2526EC98002BEE37 /* Release */,
			);
			defaultConfigurationIsVisible = 0;
			defaultConfigurationName = Release;
		};
		165057202526EC98002BEE37 /* Build configuration list for PBXNativeTarget "LKXAudioVideo" */ = {
			isa = XCConfigurationList;
			buildConfigurations = (
				165057212526EC98002BEE37 /* Debug */,
				165057222526EC98002BEE37 /* Release */,
			);
			defaultConfigurationIsVisible = 0;
			defaultConfigurationName = Release;
		};
		165057232526EC98002BEE37 /* Build configuration list for PBXNativeTarget "LKXAudioVideoTests" */ = {
			isa = XCConfigurationList;
			buildConfigurations = (
				165057242526EC98002BEE37 /* Debug */,
				165057252526EC98002BEE37 /* Release */,
			);
			defaultConfigurationIsVisible = 0;
			defaultConfigurationName = Release;
		};
/* End XCConfigurationList section */
	};
	rootObject = 165056F42526EC94002BEE37 /* Project object */;
}
